[[package]]
name = "anyio"
version = "3.3.2"
description = "High level compatibility layer for multiple asynchronous event loop implementations"
category = "main"
optional = false
python-versions = ">=3.6.2"

[package.dependencies]
idna = ">=2.8"
sniffio = ">=1.1"

[package.extras]
doc = ["sphinx-rtd-theme", "sphinx-autodoc-typehints (>=1.2.0)"]
test = ["coverage[toml] (>=4.5)", "hypothesis (>=4.0)", "pytest (>=6.0)", "pytest-mock (>=3.6.1)", "trustme", "uvloop (<0.15)", "mock (>=4)", "uvloop (>=0.15)"]
trio = ["trio (>=0.16)"]

[[package]]
name = "asyncpg"
version = "0.24.0"
description = "An asyncio PostgreSQL driver"
category = "main"
optional = false
python-versions = ">=3.6.0"

[package.extras]
dev = ["Cython (>=0.29.24,<0.30.0)", "pytest (>=6.0)", "Sphinx (>=4.1.2,<4.2.0)", "sphinxcontrib-asyncio (>=0.3.0,<0.4.0)", "sphinx-rtd-theme (>=0.5.2,<0.6.0)", "pycodestyle (>=2.7.0,<2.8.0)", "flake8 (>=3.9.2,<3.10.0)", "uvloop (>=0.15.3)"]
docs = ["Sphinx (>=4.1.2,<4.2.0)", "sphinxcontrib-asyncio (>=0.3.0,<0.4.0)", "sphinx-rtd-theme (>=0.5.2,<0.6.0)"]
test = ["pycodestyle (>=2.7.0,<2.8.0)", "flake8 (>=3.9.2,<3.10.0)", "uvloop (>=0.15.3)"]

[[package]]
name = "atomicwrites"
version = "1.4.0"
description = "Atomic file writes."
category = "dev"
optional = false
python-versions = ">=2.7, !=3.0.*, !=3.1.*, !=3.2.*, !=3.3.*"

[[package]]
name = "attrs"
version = "21.2.0"
description = "Classes Without Boilerplate"
category = "dev"
optional = false
python-versions = ">=2.7, !=3.0.*, !=3.1.*, !=3.2.*, !=3.3.*, !=3.4.*"

[package.extras]
dev = ["coverage[toml] (>=5.0.2)", "hypothesis", "pympler", "pytest (>=4.3.0)", "six", "mypy", "pytest-mypy-plugins", "zope.interface", "furo", "sphinx", "sphinx-notfound-page", "pre-commit"]
docs = ["furo", "sphinx", "zope.interface", "sphinx-notfound-page"]
tests = ["coverage[toml] (>=5.0.2)", "hypothesis", "pympler", "pytest (>=4.3.0)", "six", "mypy", "pytest-mypy-plugins", "zope.interface"]
tests_no_zope = ["coverage[toml] (>=5.0.2)", "hypothesis", "pympler", "pytest (>=4.3.0)", "six", "mypy", "pytest-mypy-plugins"]

[[package]]
name = "backports.entry-points-selectable"
version = "1.1.0"
description = "Compatibility shim providing selectable entry points for older implementations"
category = "dev"
optional = false
python-versions = ">=2.7"

[package.extras]
docs = ["sphinx", "jaraco.packaging (>=8.2)", "rst.linker (>=1.9)"]
testing = ["pytest (>=4.6)", "pytest-flake8", "pytest-cov", "pytest-black (>=0.3.7)", "pytest-mypy", "pytest-checkdocs (>=2.4)", "pytest-enabler (>=1.0.1)"]

[[package]]
name = "black"
version = "21.9b0"
description = "The uncompromising code formatter."
category = "dev"
optional = false
python-versions = ">=3.6.2"

[package.dependencies]
click = ">=7.1.2"
mypy-extensions = ">=0.4.3"
pathspec = ">=0.9.0,<1"
platformdirs = ">=2"
regex = ">=2020.1.8"
tomli = ">=0.2.6,<2.0.0"
typing-extensions = [
    {version = ">=3.10.0.0", markers = "python_version < \"3.10\""},
    {version = "!=3.10.0.1", markers = "python_version >= \"3.10\""},
]

[package.extras]
colorama = ["colorama (>=0.4.3)"]
d = ["aiohttp (>=3.6.0)", "aiohttp-cors (>=0.4.0)"]
jupyter = ["ipython (>=7.8.0)", "tokenize-rt (>=3.2.0)"]
python2 = ["typed-ast (>=1.4.2)"]
uvloop = ["uvloop (>=0.15.2)"]

[[package]]
name = "certifi"
version = "2021.10.8"
description = "Python package for providing Mozilla's CA Bundle."
category = "dev"
optional = false
python-versions = "*"

[[package]]
name = "charset-normalizer"
version = "2.0.6"
description = "The Real First Universal Charset Detector. Open, modern and actively maintained alternative to Chardet."
category = "dev"
optional = false
python-versions = ">=3.5.0"

[package.extras]
unicode_backport = ["unicodedata2"]

[[package]]
name = "click"
version = "8.0.2"
description = "Composable command line interface toolkit"
category = "dev"
optional = false
python-versions = ">=3.6"

[package.dependencies]
colorama = {version = "*", markers = "platform_system == \"Windows\""}

[[package]]
name = "colorama"
version = "0.4.4"
description = "Cross-platform colored terminal text."
category = "dev"
optional = false
python-versions = ">=2.7, !=3.0.*, !=3.1.*, !=3.2.*, !=3.3.*, !=3.4.*"

[[package]]
name = "contextlib2"
version = "21.6.0"
description = "Backports and enhancements for the contextlib module"
category = "dev"
optional = false
python-versions = ">=3.6"

[[package]]
name = "coverage"
version = "6.0.1"
description = "Code coverage measurement for Python"
category = "dev"
optional = false
python-versions = ">=3.6"

[package.dependencies]
tomli = {version = "*", optional = true, markers = "extra == \"toml\""}

[package.extras]
toml = ["tomli"]

[[package]]
name = "distlib"
version = "0.3.3"
description = "Distribution utilities"
category = "dev"
optional = false
python-versions = "*"

[[package]]
name = "execnet"
version = "1.9.0"
description = "execnet: rapid multi-Python deployment"
category = "dev"
optional = false
python-versions = ">=2.7, !=3.0.*, !=3.1.*, !=3.2.*, !=3.3.*, !=3.4.*"

[package.extras]
testing = ["pre-commit"]

[[package]]
name = "filelock"
version = "3.3.0"
description = "A platform independent file lock."
category = "dev"
optional = false
python-versions = ">=3.6"

[package.extras]
docs = ["furo (>=2021.8.17b43)", "sphinx (>=4.1)", "sphinx-autodoc-typehints (>=1.12)"]
testing = ["covdefaults (>=1.2.0)", "coverage (>=4)", "pytest (>=4)", "pytest-cov", "pytest-timeout (>=1.4.2)"]

[[package]]
name = "gino"
version = "1.0.1"
description = "GINO Is Not ORM - a Python asyncio ORM on SQLAlchemy core."
category = "main"
optional = false
python-versions = ">=3.5,<4.0"

[package.dependencies]
asyncpg = ">=0.18,<1.0"
SQLAlchemy = ">=1.2.16,<1.4"

[package.extras]
starlette = ["gino-starlette (>=0.1.1,<0.2.0)"]
aiohttp = ["gino-aiohttp (>=0.1.0,<0.2.0)"]
tornado = ["gino-tornado (>=0.1.0,<0.2.0)"]
sanic = ["gino-sanic (>=0.1.0,<0.2.0)"]
quart = ["gino-quart (>=0.1.0,<0.2.0)"]

[[package]]
name = "idna"
version = "3.2"
description = "Internationalized Domain Names in Applications (IDNA)"
category = "main"
optional = false
python-versions = ">=3.5"

[[package]]
name = "iniconfig"
version = "1.1.1"
description = "iniconfig: brain-dead simple config-ini parsing"
category = "dev"
optional = false
python-versions = "*"

[[package]]
name = "mock"
version = "4.0.3"
description = "Rolling backport of unittest.mock for all Pythons"
category = "dev"
optional = false
python-versions = ">=3.6"

[package.extras]
build = ["twine", "wheel", "blurb"]
docs = ["sphinx"]
test = ["pytest (<5.4)", "pytest-cov"]

[[package]]
name = "mypy-extensions"
version = "0.4.3"
description = "Experimental type system extensions for programs checked with the mypy typechecker."
category = "dev"
optional = false
python-versions = "*"

[[package]]
name = "packaging"
version = "21.0"
description = "Core utilities for Python packages"
category = "dev"
optional = false
python-versions = ">=3.6"

[package.dependencies]
pyparsing = ">=2.0.2"

[[package]]
name = "path"
version = "16.2.0"
description = "A module wrapper for os.path"
category = "dev"
optional = false
python-versions = ">=3.6"

[package.extras]
docs = ["sphinx", "jaraco.packaging (>=8.2)", "rst.linker (>=1.9)", "jaraco.tidelift (>=1.4)"]
testing = ["pytest (>=4.6)", "pytest-checkdocs (>=2.4)", "pytest-flake8", "pytest-cov", "pytest-enabler (>=1.0.1)", "appdirs", "packaging", "pygments", "pytest-black (>=0.3.7)", "pytest-mypy", "pywin32"]

[[package]]
name = "path.py"
version = "12.5.0"
description = "A module wrapper for os.path"
category = "dev"
optional = false
python-versions = ">=3.5"

[package.dependencies]
path = "*"

[package.extras]
docs = ["sphinx", "jaraco.packaging (>=3.2)", "rst.linker (>=1.9)"]
testing = ["pytest (>=3.5,!=3.7.3)", "pytest-checkdocs (>=1.2.3)", "pytest-flake8", "pytest-black-multipy", "pytest-cov", "appdirs", "packaging", "pygments"]

[[package]]
name = "pathspec"
version = "0.9.0"
description = "Utility library for gitignore style pattern matching of file paths."
category = "dev"
optional = false
python-versions = "!=3.0.*,!=3.1.*,!=3.2.*,!=3.3.*,!=3.4.*,>=2.7"

[[package]]
name = "platformdirs"
version = "2.4.0"
description = "A small Python module for determining appropriate platform-specific dirs, e.g. a \"user data dir\"."
category = "dev"
optional = false
python-versions = ">=3.6"

[package.extras]
docs = ["Sphinx (>=4)", "furo (>=2021.7.5b38)", "proselint (>=0.10.2)", "sphinx-autodoc-typehints (>=1.12)"]
test = ["appdirs (==1.4.4)", "pytest (>=6)", "pytest-cov (>=2.7)", "pytest-mock (>=3.6)"]

[[package]]
name = "pluggy"
version = "1.0.0"
description = "plugin and hook calling mechanisms for python"
category = "dev"
optional = false
python-versions = ">=3.6"

[package.extras]
dev = ["pre-commit", "tox"]
testing = ["pytest", "pytest-benchmark"]

[[package]]
name = "py"
version = "1.10.0"
description = "library with cross-python path, ini-parsing, io, code, log facilities"
category = "dev"
optional = false
python-versions = ">=2.7, !=3.0.*, !=3.1.*, !=3.2.*, !=3.3.*"

[[package]]
name = "pyparsing"
version = "2.4.7"
description = "Python parsing module"
category = "dev"
optional = false
python-versions = ">=2.6, !=3.0.*, !=3.1.*, !=3.2.*"

[[package]]
name = "pytest"
version = "6.2.5"
description = "pytest: simple powerful testing with Python"
category = "dev"
optional = false
python-versions = ">=3.6"

[package.dependencies]
atomicwrites = {version = ">=1.0", markers = "sys_platform == \"win32\""}
attrs = ">=19.2.0"
colorama = {version = "*", markers = "sys_platform == \"win32\""}
iniconfig = "*"
packaging = "*"
pluggy = ">=0.12,<2.0"
py = ">=1.8.2"
toml = "*"

[package.extras]
testing = ["argcomplete", "hypothesis (>=3.56)", "mock", "nose", "requests", "xmlschema"]

[[package]]
name = "pytest-asyncio"
version = "0.15.1"
description = "Pytest support for asyncio."
category = "dev"
optional = false
python-versions = ">= 3.6"

[package.dependencies]
pytest = ">=5.4.0"

[package.extras]
testing = ["coverage", "hypothesis (>=5.7.1)"]

[[package]]
name = "pytest-cov"
version = "3.0.0"
description = "Pytest plugin for measuring coverage."
category = "dev"
optional = false
python-versions = ">=3.6"

[package.dependencies]
coverage = {version = ">=5.2.1", extras = ["toml"]}
pytest = ">=4.6"

[package.extras]
testing = ["fields", "hunter", "process-tests", "six", "pytest-xdist", "virtualenv"]

[[package]]
name = "pytest-fixture-config"
version = "1.7.0"
description = "Fixture configuration utils for py.test"
category = "dev"
optional = false
python-versions = "*"

[package.dependencies]
pytest = "*"

[package.extras]
tests = ["six"]

[[package]]
name = "pytest-mock"
version = "3.6.1"
description = "Thin-wrapper around the mock package for easier use with pytest"
category = "dev"
optional = false
python-versions = ">=3.6"

[package.dependencies]
pytest = ">=5.0"

[package.extras]
dev = ["pre-commit", "tox", "pytest-asyncio"]

[[package]]
name = "pytest-shutil"
version = "1.7.0"
description = "A goodie-bag of unix shell and environment tools for py.test"
category = "dev"
optional = false
python-versions = "*"

[package.dependencies]
contextlib2 = "*"
execnet = "*"
mock = "*"
"path.py" = "*"
pytest = "*"
six = "*"
termcolor = "*"

[package.extras]
tests = ["pytest"]

[[package]]
name = "pytest-virtualenv"
version = "1.7.0"
description = "Virtualenv fixture for py.test"
category = "dev"
optional = false
python-versions = "*"

[package.dependencies]
pytest = "*"
pytest-fixture-config = "*"
pytest-shutil = "*"
virtualenv = "*"

[package.extras]
tests = ["mock"]

[[package]]
name = "regex"
version = "2021.10.8"
description = "Alternative regular expression module, to replace re."
category = "dev"
optional = false
python-versions = "*"

[[package]]
name = "requests"
version = "2.26.0"
description = "Python HTTP for Humans."
category = "dev"
optional = false
python-versions = ">=2.7, !=3.0.*, !=3.1.*, !=3.2.*, !=3.3.*, !=3.4.*, !=3.5.*"

[package.dependencies]
certifi = ">=2017.4.17"
charset-normalizer = {version = ">=2.0.0,<2.1.0", markers = "python_version >= \"3\""}
idna = {version = ">=2.5,<4", markers = "python_version >= \"3\""}
urllib3 = ">=1.21.1,<1.27"

[package.extras]
socks = ["PySocks (>=1.5.6,!=1.5.7)", "win-inet-pton"]
use_chardet_on_py3 = ["chardet (>=3.0.2,<5)"]

[[package]]
name = "six"
version = "1.16.0"
description = "Python 2 and 3 compatibility utilities"
category = "dev"
optional = false
python-versions = ">=2.7, !=3.0.*, !=3.1.*, !=3.2.*"

[[package]]
name = "sniffio"
version = "1.2.0"
description = "Sniff out which async library your code is running under"
category = "main"
optional = false
python-versions = ">=3.5"

[[package]]
name = "sqlalchemy"
version = "1.3.24"
description = "Database Abstraction Library"
category = "main"
optional = false
python-versions = ">=2.7, !=3.0.*, !=3.1.*, !=3.2.*, !=3.3.*"

[package.extras]
mssql = ["pyodbc"]
mssql_pymssql = ["pymssql"]
mssql_pyodbc = ["pyodbc"]
mysql = ["mysqlclient"]
oracle = ["cx-oracle"]
postgresql = ["psycopg2"]
postgresql_pg8000 = ["pg8000 (<1.16.6)"]
postgresql_psycopg2binary = ["psycopg2-binary"]
postgresql_psycopg2cffi = ["psycopg2cffi"]
pymysql = ["pymysql (<1)", "pymysql"]

[[package]]
name = "starlette"
version = "0.16.0"
description = "The little ASGI library that shines."
category = "main"
optional = false
python-versions = ">=3.6"

[package.dependencies]
anyio = ">=3.0.0,<4"

[package.extras]
full = ["itsdangerous", "jinja2", "python-multipart", "pyyaml", "requests", "graphene"]

[[package]]
name = "termcolor"
version = "1.1.0"
description = "ANSII Color formatting for output in terminal."
category = "dev"
optional = false
python-versions = "*"

[[package]]
name = "toml"
version = "0.10.2"
description = "Python Library for Tom's Obvious, Minimal Language"
category = "dev"
optional = false
python-versions = ">=2.6, !=3.0.*, !=3.1.*, !=3.2.*"

[[package]]
name = "tomli"
version = "1.2.1"
description = "A lil' TOML parser"
category = "dev"
optional = false
python-versions = ">=3.6"

[[package]]
name = "typing-extensions"
version = "3.10.0.2"
description = "Backported and Experimental Type Hints for Python 3.5+"
category = "dev"
optional = false
python-versions = "*"

[[package]]
name = "urllib3"
version = "1.26.7"
description = "HTTP library with thread-safe connection pooling, file post, and more."
category = "dev"
optional = false
python-versions = ">=2.7, !=3.0.*, !=3.1.*, !=3.2.*, !=3.3.*, !=3.4.*, <4"

[package.extras]
brotli = ["brotlipy (>=0.6.0)"]
secure = ["pyOpenSSL (>=0.14)", "cryptography (>=1.3.4)", "idna (>=2.0.0)", "certifi", "ipaddress"]
socks = ["PySocks (>=1.5.6,!=1.5.7,<2.0)"]

[[package]]
name = "virtualenv"
version = "20.8.1"
description = "Virtual Python Environment builder"
category = "dev"
optional = false
python-versions = "!=3.0.*,!=3.1.*,!=3.2.*,!=3.3.*,!=3.4.*,>=2.7"

[package.dependencies]
"backports.entry-points-selectable" = ">=1.0.4"
distlib = ">=0.3.1,<1"
filelock = ">=3.0.0,<4"
platformdirs = ">=2,<3"
six = ">=1.9.0,<2"

[package.extras]
docs = ["proselint (>=0.10.2)", "sphinx (>=3)", "sphinx-argparse (>=0.2.5)", "sphinx-rtd-theme (>=0.4.3)", "towncrier (>=19.9.0rc1)"]
testing = ["coverage (>=4)", "coverage-enable-subprocess (>=1)", "flaky (>=3)", "pytest (>=4)", "pytest-env (>=0.6.2)", "pytest-freezegun (>=0.4.1)", "pytest-mock (>=2)", "pytest-randomly (>=1)", "pytest-timeout (>=1)", "packaging (>=20.0)"]

[metadata]
lock-version = "1.1"
python-versions = "^3.9"
content-hash = "1253f541a5a9ee1154b6ca4f3252498c45bccc9d6d50f72202dc572600442264"

[metadata.files]
anyio = [
    {file = "anyio-3.3.2-py3-none-any.whl", hash = "sha256:c32da314c510b34a862f5afeaf8a446ffed2c2fde21583e654bd71ecfb5b744b"},
    {file = "anyio-3.3.2.tar.gz", hash = "sha256:0b993a2ef6c1dc456815c2b5ca2819f382f20af98087cc2090a4afed3a501436"},
]
asyncpg = [
    {file = "asyncpg-0.24.0-cp310-cp310-macosx_10_9_x86_64.whl", hash = "sha256:c4fc0205fe4ddd5aeb3dfdc0f7bafd43411181e1f5650189608e5971cceacff1"},
    {file = "asyncpg-0.24.0-cp310-cp310-manylinux_2_5_x86_64.manylinux1_x86_64.manylinux_2_12_x86_64.manylinux2010_x86_64.whl", hash = "sha256:a7095890c96ba36f9f668eb552bb020dddb44f8e73e932f8573efc613ee83843"},
    {file = "asyncpg-0.24.0-cp310-cp310-win_amd64.whl", hash = "sha256:8ff5073d4b654e34bd5eaadc01dc4d68b8a9609084d835acd364cd934190a08d"},
    {file = "asyncpg-0.24.0-cp37-cp37m-macosx_10_9_x86_64.whl", hash = "sha256:e36c6806883786b19551bb70a4882561f31135dc8105a59662e0376cf5b2cbc5"},
    {file = "asyncpg-0.24.0-cp37-cp37m-manylinux_2_5_x86_64.manylinux1_x86_64.manylinux_2_12_x86_64.manylinux2010_x86_64.whl", hash = "sha256:ddffcb85227bf39cd1bedd4603e0082b243cf3b14ced64dce506a15b05232b83"},
    {file = "asyncpg-0.24.0-cp37-cp37m-win_amd64.whl", hash = "sha256:41704c561d354bef01353835a7846e5606faabbeb846214dfcf666cf53319f18"},
    {file = "asyncpg-0.24.0-cp38-cp38-macosx_10_9_x86_64.whl", hash = "sha256:29ef6ae0a617fc13cc2ac5dc8e9b367bb83cba220614b437af9b67766f4b6b20"},
    {file = "asyncpg-0.24.0-cp38-cp38-manylinux_2_5_x86_64.manylinux1_x86_64.manylinux_2_12_x86_64.manylinux2010_x86_64.whl", hash = "sha256:eed43abc6ccf1dc02e0d0efc06ce46a411362f3358847c6b0ec9a43426f91ece"},
    {file = "asyncpg-0.24.0-cp38-cp38-win_amd64.whl", hash = "sha256:129d501f3d30616afd51eb8d3142ef51ba05374256bd5834cec3ef4956a9b317"},
    {file = "asyncpg-0.24.0-cp39-cp39-macosx_10_9_x86_64.whl", hash = "sha256:a458fc69051fbb67d995fdda46d75a012b5d6200f91e17d23d4751482640ed4c"},
    {file = "asyncpg-0.24.0-cp39-cp39-manylinux_2_5_x86_64.manylinux1_x86_64.manylinux_2_12_x86_64.manylinux2010_x86_64.whl", hash = "sha256:556b0e92e2b75dc028b3c4bc9bd5162ddf0053b856437cf1f04c97f9c6837d03"},
    {file = "asyncpg-0.24.0-cp39-cp39-win_amd64.whl", hash = "sha256:a738f4807c853623d3f93f0fea11f61be6b0e5ca16ea8aeb42c2c7ee742aa853"},
    {file = "asyncpg-0.24.0.tar.gz", hash = "sha256:dd2fa063c3344823487d9ddccb40802f02622ddf8bf8a6cc53885ee7a2c1c0c6"},
]
atomicwrites = [
    {file = "atomicwrites-1.4.0-py2.py3-none-any.whl", hash = "sha256:6d1784dea7c0c8d4a5172b6c620f40b6e4cbfdf96d783691f2e1302a7b88e197"},
    {file = "atomicwrites-1.4.0.tar.gz", hash = "sha256:ae70396ad1a434f9c7046fd2dd196fc04b12f9e91ffb859164193be8b6168a7a"},
]
attrs = [
    {file = "attrs-21.2.0-py2.py3-none-any.whl", hash = "sha256:149e90d6d8ac20db7a955ad60cf0e6881a3f20d37096140088356da6c716b0b1"},
    {file = "attrs-21.2.0.tar.gz", hash = "sha256:ef6aaac3ca6cd92904cdd0d83f629a15f18053ec84e6432106f7a4d04ae4f5fb"},
]
"backports.entry-points-selectable" = [
    {file = "backports.entry_points_selectable-1.1.0-py2.py3-none-any.whl", hash = "sha256:a6d9a871cde5e15b4c4a53e3d43ba890cc6861ec1332c9c2428c92f977192acc"},
    {file = "backports.entry_points_selectable-1.1.0.tar.gz", hash = "sha256:988468260ec1c196dab6ae1149260e2f5472c9110334e5d51adcb77867361f6a"},
]
black = [
    {file = "black-21.9b0-py3-none-any.whl", hash = "sha256:380f1b5da05e5a1429225676655dddb96f5ae8c75bdf91e53d798871b902a115"},
    {file = "black-21.9b0.tar.gz", hash = "sha256:7de4cfc7eb6b710de325712d40125689101d21d25283eed7e9998722cf10eb91"},
]
certifi = [
    {file = "certifi-2021.10.8-py2.py3-none-any.whl", hash = "sha256:d62a0163eb4c2344ac042ab2bdf75399a71a2d8c7d47eac2e2ee91b9d6339569"},
    {file = "certifi-2021.10.8.tar.gz", hash = "sha256:78884e7c1d4b00ce3cea67b44566851c4343c120abd683433ce934a68ea58872"},
]
charset-normalizer = [
    {file = "charset-normalizer-2.0.6.tar.gz", hash = "sha256:5ec46d183433dcbd0ab716f2d7f29d8dee50505b3fdb40c6b985c7c4f5a3591f"},
    {file = "charset_normalizer-2.0.6-py3-none-any.whl", hash = "sha256:5d209c0a931f215cee683b6445e2d77677e7e75e159f78def0db09d68fafcaa6"},
]
click = [
    {file = "click-8.0.2-py3-none-any.whl", hash = "sha256:3fab8aeb8f15f5452ae7511ad448977b3417325bceddd53df87e0bb81f3a8cf8"},
    {file = "click-8.0.2.tar.gz", hash = "sha256:7027bc7bbafaab8b2c2816861d8eb372429ee3c02e193fc2f93d6c4ab9de49c5"},
]
colorama = [
    {file = "colorama-0.4.4-py2.py3-none-any.whl", hash = "sha256:9f47eda37229f68eee03b24b9748937c7dc3868f906e8ba69fbcbdd3bc5dc3e2"},
    {file = "colorama-0.4.4.tar.gz", hash = "sha256:5941b2b48a20143d2267e95b1c2a7603ce057ee39fd88e7329b0c292aa16869b"},
]
contextlib2 = [
    {file = "contextlib2-21.6.0-py2.py3-none-any.whl", hash = "sha256:3fbdb64466afd23abaf6c977627b75b6139a5a3e8ce38405c5b413aed7a0471f"},
    {file = "contextlib2-21.6.0.tar.gz", hash = "sha256:ab1e2bfe1d01d968e1b7e8d9023bc51ef3509bba217bb730cee3827e1ee82869"},
]
coverage = [
    {file = "coverage-6.0.1-cp310-cp310-macosx_10_9_x86_64.whl", hash = "sha256:abe8207dfb8a61ded9cd830d26c1073c8218fc0ae17eb899cfe8ec0fafae6e22"},
    {file = "coverage-6.0.1-cp310-cp310-manylinux_2_17_aarch64.manylinux2014_aarch64.whl", hash = "sha256:83faa3692e8306b20293889714fdf573d10ef5efc5843bd7c7aea6971487bd6a"},
    {file = "coverage-6.0.1-cp310-cp310-manylinux_2_5_i686.manylinux1_i686.manylinux_2_12_i686.manylinux2010_i686.whl", hash = "sha256:f82a17f2a77958f3eef40ad385fc82d4c6ba9a77a51a174efe03ce75daebbc16"},
    {file = "coverage-6.0.1-cp310-cp310-manylinux_2_5_x86_64.manylinux1_x86_64.manylinux_2_12_x86_64.manylinux2010_x86_64.whl", hash = "sha256:5b06f4f1729e2963281d9cd6e65e6976bf27b44d4c07ac5b47223ce45f822cec"},
    {file = "coverage-6.0.1-cp310-cp310-win32.whl", hash = "sha256:7600fac458f74c68b097379f76f3a6e3a630493fc7fc94b6508fedd9d498c194"},
    {file = "coverage-6.0.1-cp310-cp310-win_amd64.whl", hash = "sha256:2c5f39d1556e75fc3c4fb071f9e7cfa618895a999a0de763a541d730775d0d5f"},
    {file = "coverage-6.0.1-cp36-cp36m-macosx_10_9_x86_64.whl", hash = "sha256:3edbb3ec580c73e5a264f5d04f30245bc98eff1a26765d46c5c65134f0a0e2f7"},
    {file = "coverage-6.0.1-cp36-cp36m-manylinux_2_17_aarch64.manylinux2014_aarch64.whl", hash = "sha256:ea452a2d83964d08232ade470091015e7ab9b8f53acbec10f2210fbab4ce7e43"},
    {file = "coverage-6.0.1-cp36-cp36m-manylinux_2_5_i686.manylinux1_i686.manylinux_2_12_i686.manylinux2010_i686.whl", hash = "sha256:1770d24f45f1f2daeae34cfa3b33fcb29702153544cd2ad40d58399dd4ff53b5"},
    {file = "coverage-6.0.1-cp36-cp36m-manylinux_2_5_x86_64.manylinux1_x86_64.manylinux_2_12_x86_64.manylinux2010_x86_64.whl", hash = "sha256:ad7182a82843f9f85487f44567c8c688f16c906bdb8d0e44ae462aed61cb8f1b"},
    {file = "coverage-6.0.1-cp36-cp36m-win32.whl", hash = "sha256:9d242a2434801ef5125330deddb4cddba8990c9a49b3dec99dca17dd7eefba5a"},
    {file = "coverage-6.0.1-cp36-cp36m-win_amd64.whl", hash = "sha256:e66c50f0ab445fec920a9f084914ea1776a809e3016c3738519048195f851bbb"},
    {file = "coverage-6.0.1-cp37-cp37m-macosx_10_9_x86_64.whl", hash = "sha256:5b1ceacb86e0a9558061dcc6baae865ed25933ea57effea644f21657cdce19bc"},
    {file = "coverage-6.0.1-cp37-cp37m-manylinux_2_17_aarch64.manylinux2014_aarch64.whl", hash = "sha256:a2e15ab5afbee34abf716fece80ea33ea09a82e7450512f022723b1a82ec9a4e"},
    {file = "coverage-6.0.1-cp37-cp37m-manylinux_2_5_i686.manylinux1_i686.manylinux_2_12_i686.manylinux2010_i686.whl", hash = "sha256:6873f3f954d3e3ab8b1881f4e5307cc19f70c9f931c41048d9f7e6fd946eabe7"},
    {file = "coverage-6.0.1-cp37-cp37m-manylinux_2_5_x86_64.manylinux1_x86_64.manylinux_2_12_x86_64.manylinux2010_x86_64.whl", hash = "sha256:0898d6948b31df13391cd40568de8f35fa5901bc922c5ae05cf070587cb9c666"},
    {file = "coverage-6.0.1-cp37-cp37m-win32.whl", hash = "sha256:9c416ba03844608f45661a5b48dc59c6b5e89956efe388564dd138ca8caf540b"},
    {file = "coverage-6.0.1-cp37-cp37m-win_amd64.whl", hash = "sha256:66fe33e9e0df58675e08e83fe257f89e7f625e7633ea93d0872154e09cce2724"},
    {file = "coverage-6.0.1-cp38-cp38-macosx_10_9_x86_64.whl", hash = "sha256:353a50f123f0185cdb7a1e1e3e2cfb9d1fd7e293cfaf68eedaf5bd8e02e3ec32"},
    {file = "coverage-6.0.1-cp38-cp38-manylinux_2_17_aarch64.manylinux2014_aarch64.whl", hash = "sha256:b81a4e667c45b13658b84f9b8f1d32ef86d5405fabcbd181b76b9e51d295f397"},
    {file = "coverage-6.0.1-cp38-cp38-manylinux_2_5_i686.manylinux1_i686.manylinux_2_12_i686.manylinux2010_i686.whl", hash = "sha256:17426808e8e0824f864876312d41961223bf5e503bf8f1f846735279a60ea345"},
    {file = "coverage-6.0.1-cp38-cp38-manylinux_2_5_x86_64.manylinux1_x86_64.manylinux_2_12_x86_64.manylinux2010_x86_64.whl", hash = "sha256:e11cca9eb5c9b3eaad899728ee2ce916138399ee8cbbccaadc1871fecb750827"},
    {file = "coverage-6.0.1-cp38-cp38-win32.whl", hash = "sha256:0a7e55cc9f7efa22d5cc9966276ec7a40a8803676f6ccbfdc06a486fba9aa9ee"},
    {file = "coverage-6.0.1-cp38-cp38-win_amd64.whl", hash = "sha256:4eb9cd910ca8e243f930243a9940ea1a522e32435d15668445753d087c30ee12"},
    {file = "coverage-6.0.1-cp39-cp39-macosx_10_9_x86_64.whl", hash = "sha256:83682b73785d2e078e0b5f63410b8125b122e1a22422640c57edd4011c950f3e"},
    {file = "coverage-6.0.1-cp39-cp39-manylinux_2_17_aarch64.manylinux2014_aarch64.whl", hash = "sha256:b45f89a8ef65c29195f8f28dbe215f44ccb29d934f3e862d2a5c12e38698a793"},
    {file = "coverage-6.0.1-cp39-cp39-manylinux_2_5_i686.manylinux1_i686.manylinux_2_12_i686.manylinux2010_i686.whl", hash = "sha256:73880a80fad0597eca43e213e5e1711bf6c0fcdb7eb6b01b3b17841ebe5a7f8d"},
    {file = "coverage-6.0.1-cp39-cp39-manylinux_2_5_x86_64.manylinux1_x86_64.manylinux_2_12_x86_64.manylinux2010_x86_64.whl", hash = "sha256:f398d38e6ebc2637863db1d7be3d4f9c5174e7d24bb3b0716cdb1f204669cbcf"},
    {file = "coverage-6.0.1-cp39-cp39-win32.whl", hash = "sha256:1864bdf9b2ccb43e724051bc23a1c558daf101ad4488ede1945f2a8be1facdad"},
    {file = "coverage-6.0.1-cp39-cp39-win_amd64.whl", hash = "sha256:c9c413c4397d4cdc7ca89286158d240ce524f9667b52c9a64dd7e13d16cf8815"},
    {file = "coverage-6.0.1-pp36-none-any.whl", hash = "sha256:65da6e3e8325291f012921bbf71fea0a97824e1c573981871096aac6e2cf0ec5"},
    {file = "coverage-6.0.1-pp37-none-any.whl", hash = "sha256:07efe1fbd72e67df026ad5109bcd216acbbd4a29d5208b3dab61779bae6b7b26"},
    {file = "coverage-6.0.1.tar.gz", hash = "sha256:3490ff6dbf3f7accf0750136ed60ae1f487bccc1f097740e3b21262bc9c89854"},
]
distlib = [
    {file = "distlib-0.3.3-py2.py3-none-any.whl", hash = "sha256:c8b54e8454e5bf6237cc84c20e8264c3e991e824ef27e8f1e81049867d861e31"},
    {file = "distlib-0.3.3.zip", hash = "sha256:d982d0751ff6eaaab5e2ec8e691d949ee80eddf01a62eaa96ddb11531fe16b05"},
]
execnet = [
    {file = "execnet-1.9.0-py2.py3-none-any.whl", hash = "sha256:a295f7cc774947aac58dde7fdc85f4aa00c42adf5d8f5468fc630c1acf30a142"},
    {file = "execnet-1.9.0.tar.gz", hash = "sha256:8f694f3ba9cc92cab508b152dcfe322153975c29bda272e2fd7f3f00f36e47c5"},
]
filelock = [
    {file = "filelock-3.3.0-py3-none-any.whl", hash = "sha256:bbc6a0382fe8ec4744ecdf6683a2e07f65eb10ff1aff53fc02a202565446cde0"},
    {file = "filelock-3.3.0.tar.gz", hash = "sha256:8c7eab13dc442dc249e95158bcc12dec724465919bdc9831fdbf0660f03d1785"},
]
gino = [
    {file = "gino-1.0.1-py3-none-any.whl", hash = "sha256:56df57cfdefbaf897a7c4897c265a0e91a8cca80716fb64f7d3cf6d501fdfb3d"},
    {file = "gino-1.0.1.tar.gz", hash = "sha256:fe4189e82fe9d20c4a5f03fc775fb91c168061c5176b4c95623caeef22316150"},
]
idna = [
    {file = "idna-3.2-py3-none-any.whl", hash = "sha256:14475042e284991034cb48e06f6851428fb14c4dc953acd9be9a5e95c7b6dd7a"},
    {file = "idna-3.2.tar.gz", hash = "sha256:467fbad99067910785144ce333826c71fb0e63a425657295239737f7ecd125f3"},
]
iniconfig = [
    {file = "iniconfig-1.1.1-py2.py3-none-any.whl", hash = "sha256:011e24c64b7f47f6ebd835bb12a743f2fbe9a26d4cecaa7f53bc4f35ee9da8b3"},
    {file = "iniconfig-1.1.1.tar.gz", hash = "sha256:bc3af051d7d14b2ee5ef9969666def0cd1a000e121eaea580d4a313df4b37f32"},
]
mock = [
    {file = "mock-4.0.3-py3-none-any.whl", hash = "sha256:122fcb64ee37cfad5b3f48d7a7d51875d7031aaf3d8be7c42e2bee25044eee62"},
    {file = "mock-4.0.3.tar.gz", hash = "sha256:7d3fbbde18228f4ff2f1f119a45cdffa458b4c0dee32eb4d2bb2f82554bac7bc"},
]
mypy-extensions = [
    {file = "mypy_extensions-0.4.3-py2.py3-none-any.whl", hash = "sha256:090fedd75945a69ae91ce1303b5824f428daf5a028d2f6ab8a299250a846f15d"},
    {file = "mypy_extensions-0.4.3.tar.gz", hash = "sha256:2d82818f5bb3e369420cb3c4060a7970edba416647068eb4c5343488a6c604a8"},
]
packaging = [
    {file = "packaging-21.0-py3-none-any.whl", hash = "sha256:c86254f9220d55e31cc94d69bade760f0847da8000def4dfe1c6b872fd14ff14"},
    {file = "packaging-21.0.tar.gz", hash = "sha256:7dc96269f53a4ccec5c0670940a4281106dd0bb343f47b7471f779df49c2fbe7"},
]
path = [
    {file = "path-16.2.0-py3-none-any.whl", hash = "sha256:340054c5bb459fc9fd40e7eb6768c5989f3e599d18224238465b5333bc8faa7d"},
    {file = "path-16.2.0.tar.gz", hash = "sha256:2de925e8d421f93bcea80d511b81accfb6a7e6b249afa4a5559557b0cf817097"},
]
"path.py" = [
    {file = "path.py-12.5.0-py3-none-any.whl", hash = "sha256:a43e82eb2c344c3fd0b9d6352f6b856f40b8b7d3d65cc05978b42c3715668496"},
    {file = "path.py-12.5.0.tar.gz", hash = "sha256:8d885e8b2497aed005703d94e0fd97943401f035e42a136810308bff034529a8"},
]
pathspec = [
    {file = "pathspec-0.9.0-py2.py3-none-any.whl", hash = "sha256:7d15c4ddb0b5c802d161efc417ec1a2558ea2653c2e8ad9c19098201dc1c993a"},
    {file = "pathspec-0.9.0.tar.gz", hash = "sha256:e564499435a2673d586f6b2130bb5b95f04a3ba06f81b8f895b651a3c76aabb1"},
]
platformdirs = [
    {file = "platformdirs-2.4.0-py3-none-any.whl", hash = "sha256:8868bbe3c3c80d42f20156f22e7131d2fb321f5bc86a2a345375c6481a67021d"},
    {file = "platformdirs-2.4.0.tar.gz", hash = "sha256:367a5e80b3d04d2428ffa76d33f124cf11e8fff2acdaa9b43d545f5c7d661ef2"},
]
pluggy = [
    {file = "pluggy-1.0.0-py2.py3-none-any.whl", hash = "sha256:74134bbf457f031a36d68416e1509f34bd5ccc019f0bcc952c7b909d06b37bd3"},
    {file = "pluggy-1.0.0.tar.gz", hash = "sha256:4224373bacce55f955a878bf9cfa763c1e360858e330072059e10bad68531159"},
]
py = [
    {file = "py-1.10.0-py2.py3-none-any.whl", hash = "sha256:3b80836aa6d1feeaa108e046da6423ab8f6ceda6468545ae8d02d9d58d18818a"},
    {file = "py-1.10.0.tar.gz", hash = "sha256:21b81bda15b66ef5e1a777a21c4dcd9c20ad3efd0b3f817e7a809035269e1bd3"},
]
pyparsing = [
    {file = "pyparsing-2.4.7-py2.py3-none-any.whl", hash = "sha256:ef9d7589ef3c200abe66653d3f1ab1033c3c419ae9b9bdb1240a85b024efc88b"},
    {file = "pyparsing-2.4.7.tar.gz", hash = "sha256:c203ec8783bf771a155b207279b9bccb8dea02d8f0c9e5f8ead507bc3246ecc1"},
]
pytest = [
    {file = "pytest-6.2.5-py3-none-any.whl", hash = "sha256:7310f8d27bc79ced999e760ca304d69f6ba6c6649c0b60fb0e04a4a77cacc134"},
    {file = "pytest-6.2.5.tar.gz", hash = "sha256:131b36680866a76e6781d13f101efb86cf674ebb9762eb70d3082b6f29889e89"},
]
pytest-asyncio = [
    {file = "pytest-asyncio-0.15.1.tar.gz", hash = "sha256:2564ceb9612bbd560d19ca4b41347b54e7835c2f792c504f698e05395ed63f6f"},
    {file = "pytest_asyncio-0.15.1-py3-none-any.whl", hash = "sha256:3042bcdf1c5d978f6b74d96a151c4cfb9dcece65006198389ccd7e6c60eb1eea"},
]
pytest-cov = [
    {file = "pytest-cov-3.0.0.tar.gz", hash = "sha256:e7f0f5b1617d2210a2cabc266dfe2f4c75a8d32fb89eafb7ad9d06f6d076d470"},
    {file = "pytest_cov-3.0.0-py3-none-any.whl", hash = "sha256:578d5d15ac4a25e5f961c938b85a05b09fdaae9deef3bb6de9a6e766622ca7a6"},
]
pytest-fixture-config = [
    {file = "pytest-fixture-config-1.7.0.tar.gz", hash = "sha256:41a17417721f6862ce6b40e3280fddd8e1659b2c306ec46b237d7021fec5218e"},
    {file = "pytest_fixture_config-1.7.0-py2.7.egg", hash = "sha256:9bda6a817a3ac91a118dd42274cb3cc42dc0290a11317a7217d17eaae82800c5"},
    {file = "pytest_fixture_config-1.7.0-py2.py3-none-any.whl", hash = "sha256:a0e35e239e70fa12614bbe9ca51d3238fbeb89519deb80cd365b487665a666b0"},
    {file = "pytest_fixture_config-1.7.0-py3.6.egg", hash = "sha256:1413e5e2c6572a3d7709de7ad69dc35004393d777a7883c8431b6f78a2e28fd0"},
]
pytest-mock = [
    {file = "pytest-mock-3.6.1.tar.gz", hash = "sha256:40217a058c52a63f1042f0784f62009e976ba824c418cced42e88d5f40ab0e62"},
    {file = "pytest_mock-3.6.1-py3-none-any.whl", hash = "sha256:30c2f2cc9759e76eee674b81ea28c9f0b94f8f0445a1b87762cadf774f0df7e3"},
]
pytest-shutil = [
    {file = "pytest-shutil-1.7.0.tar.gz", hash = "sha256:d8165261de76e7508505c341d94c02b113dc963f274543abca74dbfabd021261"},
    {file = "pytest_shutil-1.7.0-py2.7.egg", hash = "sha256:343a6902a8ed0cbd29cf8954e2726382228a2ad2f5f7eac589b0d0dff878d806"},
    {file = "pytest_shutil-1.7.0-py2.py3-none-any.whl", hash = "sha256:b3568a675cb092c9b15c789ebd3046b79cfaca476868939748729d14557a98ff"},
    {file = "pytest_shutil-1.7.0-py3.6.egg", hash = "sha256:03c67282a0c520a790ca8db6f65e18851fae3786f45e3ae34e8d9fccbf266a72"},
]
pytest-virtualenv = [
    {file = "pytest-virtualenv-1.7.0.tar.gz", hash = "sha256:2270ee8822111ec25db48e9d9f2efec32e68483a015b14cd0d92aeccc6ff820f"},
    {file = "pytest_virtualenv-1.7.0-py2.7.egg", hash = "sha256:d350c739956df963914729d14790bde1c6ba4fa9fcf2b78eb77151925f68c7a9"},
    {file = "pytest_virtualenv-1.7.0-py2.py3-none-any.whl", hash = "sha256:fee44d423701d6ab550b202aa8e45ccda77bfe8e72c4318a8f43e6af553ad502"},
    {file = "pytest_virtualenv-1.7.0-py3.6.egg", hash = "sha256:8113bc38845754849fc2411bf6ca9eb91d98685246b0c71c2fbd17e747ec0055"},
]
regex = [
    {file = "regex-2021.10.8-cp310-cp310-macosx_10_9_x86_64.whl", hash = "sha256:981c786293a3115bc14c103086ae54e5ee50ca57f4c02ce7cf1b60318d1e8072"},
    {file = "regex-2021.10.8-cp310-cp310-manylinux_2_17_aarch64.manylinux2014_aarch64.whl", hash = "sha256:51feefd58ac38eb91a21921b047da8644155e5678e9066af7bcb30ee0dca7361"},
    {file = "regex-2021.10.8-cp310-cp310-manylinux_2_17_x86_64.manylinux2014_x86_64.whl", hash = "sha256:ea8de658d7db5987b11097445f2b1f134400e2232cb40e614e5f7b6f5428710e"},
    {file = "regex-2021.10.8-cp310-cp310-manylinux_2_5_i686.manylinux1_i686.manylinux_2_12_i686.manylinux2010_i686.whl", hash = "sha256:1ce02f420a7ec3b2480fe6746d756530f69769292eca363218c2291d0b116a01"},
    {file = "regex-2021.10.8-cp310-cp310-manylinux_2_5_i686.manylinux1_i686.manylinux_2_17_i686.manylinux2014_i686.whl", hash = "sha256:39079ebf54156be6e6902f5c70c078f453350616cfe7bfd2dd15bdb3eac20ccc"},
    {file = "regex-2021.10.8-cp310-cp310-manylinux_2_5_x86_64.manylinux1_x86_64.manylinux_2_12_x86_64.manylinux2010_x86_64.whl", hash = "sha256:ff24897f6b2001c38a805d53b6ae72267025878d35ea225aa24675fbff2dba7f"},
    {file = "regex-2021.10.8-cp310-cp310-win32.whl", hash = "sha256:c6569ba7b948c3d61d27f04e2b08ebee24fec9ff8e9ea154d8d1e975b175bfa7"},
    {file = "regex-2021.10.8-cp310-cp310-win_amd64.whl", hash = "sha256:45cb0f7ff782ef51bc79e227a87e4e8f24bc68192f8de4f18aae60b1d60bc152"},
    {file = "regex-2021.10.8-cp36-cp36m-macosx_10_9_x86_64.whl", hash = "sha256:fab3ab8aedfb443abb36729410403f0fe7f60ad860c19a979d47fb3eb98ef820"},
    {file = "regex-2021.10.8-cp36-cp36m-manylinux_2_17_aarch64.manylinux2014_aarch64.whl", hash = "sha256:74e55f8d66f1b41d44bc44c891bcf2c7fad252f8f323ee86fba99d71fd1ad5e3"},
    {file = "regex-2021.10.8-cp36-cp36m-manylinux_2_17_x86_64.manylinux2014_x86_64.whl", hash = "sha256:3d52c5e089edbdb6083391faffbe70329b804652a53c2fdca3533e99ab0580d9"},
    {file = "regex-2021.10.8-cp36-cp36m-manylinux_2_5_i686.manylinux1_i686.manylinux_2_12_i686.manylinux2010_i686.whl", hash = "sha256:1abbd95cbe9e2467cac65c77b6abd9223df717c7ae91a628502de67c73bf6838"},
    {file = "regex-2021.10.8-cp36-cp36m-manylinux_2_5_i686.manylinux1_i686.manylinux_2_17_i686.manylinux2014_i686.whl", hash = "sha256:b9b5c215f3870aa9b011c00daeb7be7e1ae4ecd628e9beb6d7e6107e07d81287"},
    {file = "regex-2021.10.8-cp36-cp36m-manylinux_2_5_x86_64.manylinux1_x86_64.manylinux_2_12_x86_64.manylinux2010_x86_64.whl", hash = "sha256:f540f153c4f5617bc4ba6433534f8916d96366a08797cbbe4132c37b70403e92"},
    {file = "regex-2021.10.8-cp36-cp36m-win32.whl", hash = "sha256:1f51926db492440e66c89cd2be042f2396cf91e5b05383acd7372b8cb7da373f"},
    {file = "regex-2021.10.8-cp36-cp36m-win_amd64.whl", hash = "sha256:5f55c4804797ef7381518e683249310f7f9646da271b71cb6b3552416c7894ee"},
    {file = "regex-2021.10.8-cp37-cp37m-macosx_10_9_x86_64.whl", hash = "sha256:fb2baff66b7d2267e07ef71e17d01283b55b3cc51a81b54cc385e721ae172ba4"},
    {file = "regex-2021.10.8-cp37-cp37m-manylinux_2_17_aarch64.manylinux2014_aarch64.whl", hash = "sha256:9e527ab1c4c7cf2643d93406c04e1d289a9d12966529381ce8163c4d2abe4faf"},
    {file = "regex-2021.10.8-cp37-cp37m-manylinux_2_17_x86_64.manylinux2014_x86_64.whl", hash = "sha256:36c98b013273e9da5790ff6002ab326e3f81072b4616fd95f06c8fa733d2745f"},
    {file = "regex-2021.10.8-cp37-cp37m-manylinux_2_5_i686.manylinux1_i686.manylinux_2_12_i686.manylinux2010_i686.whl", hash = "sha256:55ef044899706c10bc0aa052f2fc2e58551e2510694d6aae13f37c50f3f6ff61"},
    {file = "regex-2021.10.8-cp37-cp37m-manylinux_2_5_i686.manylinux1_i686.manylinux_2_17_i686.manylinux2014_i686.whl", hash = "sha256:aa0ab3530a279a3b7f50f852f1bab41bc304f098350b03e30a3876b7dd89840e"},
    {file = "regex-2021.10.8-cp37-cp37m-manylinux_2_5_x86_64.manylinux1_x86_64.manylinux_2_12_x86_64.manylinux2010_x86_64.whl", hash = "sha256:a37305eb3199d8f0d8125ec2fb143ba94ff6d6d92554c4b8d4a8435795a6eccd"},
    {file = "regex-2021.10.8-cp37-cp37m-win32.whl", hash = "sha256:2efd47704bbb016136fe34dfb74c805b1ef5c7313aef3ce6dcb5ff844299f432"},
    {file = "regex-2021.10.8-cp37-cp37m-win_amd64.whl", hash = "sha256:924079d5590979c0e961681507eb1773a142553564ccae18d36f1de7324e71ca"},
    {file = "regex-2021.10.8-cp38-cp38-macosx_10_9_x86_64.whl", hash = "sha256:b09d3904bf312d11308d9a2867427479d277365b1617e48ad09696fa7dfcdf59"},
    {file = "regex-2021.10.8-cp38-cp38-manylinux_2_17_aarch64.manylinux2014_aarch64.whl", hash = "sha256:7f125fce0a0ae4fd5c3388d369d7a7d78f185f904c90dd235f7ecf8fe13fa741"},
    {file = "regex-2021.10.8-cp38-cp38-manylinux_2_17_x86_64.manylinux2014_x86_64.whl", hash = "sha256:5f199419a81c1016e0560c39773c12f0bd924c37715bffc64b97140d2c314354"},
    {file = "regex-2021.10.8-cp38-cp38-manylinux_2_5_i686.manylinux1_i686.manylinux_2_12_i686.manylinux2010_i686.whl", hash = "sha256:09e1031e2059abd91177c302da392a7b6859ceda038be9e015b522a182c89e4f"},
    {file = "regex-2021.10.8-cp38-cp38-manylinux_2_5_i686.manylinux1_i686.manylinux_2_17_i686.manylinux2014_i686.whl", hash = "sha256:9c070d5895ac6aeb665bd3cd79f673775caf8d33a0b569e98ac434617ecea57d"},
    {file = "regex-2021.10.8-cp38-cp38-manylinux_2_5_x86_64.manylinux1_x86_64.manylinux_2_12_x86_64.manylinux2010_x86_64.whl", hash = "sha256:176796cb7f82a7098b0c436d6daac82f57b9101bb17b8e8119c36eecf06a60a3"},
    {file = "regex-2021.10.8-cp38-cp38-win32.whl", hash = "sha256:5e5796d2f36d3c48875514c5cd9e4325a1ca172fc6c78b469faa8ddd3d770593"},
    {file = "regex-2021.10.8-cp38-cp38-win_amd64.whl", hash = "sha256:e4204708fa116dd03436a337e8e84261bc8051d058221ec63535c9403a1582a1"},
    {file = "regex-2021.10.8-cp39-cp39-macosx_10_9_x86_64.whl", hash = "sha256:b8b6ee6555b6fbae578f1468b3f685cdfe7940a65675611365a7ea1f8d724991"},
    {file = "regex-2021.10.8-cp39-cp39-manylinux_2_17_aarch64.manylinux2014_aarch64.whl", hash = "sha256:973499dac63625a5ef9dfa4c791aa33a502ddb7615d992bdc89cf2cc2285daa3"},
    {file = "regex-2021.10.8-cp39-cp39-manylinux_2_17_x86_64.manylinux2014_x86_64.whl", hash = "sha256:88dc3c1acd3f0ecfde5f95c32fcb9beda709dbdf5012acdcf66acbc4794468eb"},
    {file = "regex-2021.10.8-cp39-cp39-manylinux_2_5_i686.manylinux1_i686.manylinux_2_12_i686.manylinux2010_i686.whl", hash = "sha256:4786dae85c1f0624ac77cb3813ed99267c9adb72e59fdc7297e1cf4d6036d493"},
    {file = "regex-2021.10.8-cp39-cp39-manylinux_2_5_i686.manylinux1_i686.manylinux_2_17_i686.manylinux2014_i686.whl", hash = "sha256:fe6ce4f3d3c48f9f402da1ceb571548133d3322003ce01b20d960a82251695d2"},
    {file = "regex-2021.10.8-cp39-cp39-manylinux_2_5_x86_64.manylinux1_x86_64.manylinux_2_12_x86_64.manylinux2010_x86_64.whl", hash = "sha256:9e3e2cea8f1993f476a6833ef157f5d9e8c75a59a8d8b0395a9a6887a097243b"},
    {file = "regex-2021.10.8-cp39-cp39-win32.whl", hash = "sha256:82cfb97a36b1a53de32b642482c6c46b6ce80803854445e19bc49993655ebf3b"},
    {file = "regex-2021.10.8-cp39-cp39-win_amd64.whl", hash = "sha256:b04e512eb628ea82ed86eb31c0f7fc6842b46bf2601b66b1356a7008327f7700"},
    {file = "regex-2021.10.8.tar.gz", hash = "sha256:26895d7c9bbda5c52b3635ce5991caa90fbb1ddfac9c9ff1c7ce505e2282fb2a"},
]
requests = [
    {file = "requests-2.26.0-py2.py3-none-any.whl", hash = "sha256:6c1246513ecd5ecd4528a0906f910e8f0f9c6b8ec72030dc9fd154dc1a6efd24"},
    {file = "requests-2.26.0.tar.gz", hash = "sha256:b8aa58f8cf793ffd8782d3d8cb19e66ef36f7aba4353eec859e74678b01b07a7"},
]
six = [
    {file = "six-1.16.0-py2.py3-none-any.whl", hash = "sha256:8abb2f1d86890a2dfb989f9a77cfcfd3e47c2a354b01111771326f8aa26e0254"},
    {file = "six-1.16.0.tar.gz", hash = "sha256:1e61c37477a1626458e36f7b1d82aa5c9b094fa4802892072e49de9c60c4c926"},
]
sniffio = [
    {file = "sniffio-1.2.0-py3-none-any.whl", hash = "sha256:471b71698eac1c2112a40ce2752bb2f4a4814c22a54a3eed3676bc0f5ca9f663"},
    {file = "sniffio-1.2.0.tar.gz", hash = "sha256:c4666eecec1d3f50960c6bdf61ab7bc350648da6c126e3cf6898d8cd4ddcd3de"},
]
sqlalchemy = [
    {file = "SQLAlchemy-1.3.24-cp27-cp27m-macosx_10_14_x86_64.whl", hash = "sha256:87a2725ad7d41cd7376373c15fd8bf674e9c33ca56d0b8036add2d634dba372e"},
    {file = "SQLAlchemy-1.3.24-cp27-cp27m-win32.whl", hash = "sha256:f597a243b8550a3a0b15122b14e49d8a7e622ba1c9d29776af741f1845478d79"},
    {file = "SQLAlchemy-1.3.24-cp27-cp27m-win_amd64.whl", hash = "sha256:fc4cddb0b474b12ed7bdce6be1b9edc65352e8ce66bc10ff8cbbfb3d4047dbf4"},
    {file = "SQLAlchemy-1.3.24-cp35-cp35m-macosx_10_14_x86_64.whl", hash = "sha256:f1149d6e5c49d069163e58a3196865e4321bad1803d7886e07d8710de392c548"},
    {file = "SQLAlchemy-1.3.24-cp35-cp35m-manylinux1_x86_64.whl", hash = "sha256:14f0eb5db872c231b20c18b1e5806352723a3a89fb4254af3b3e14f22eaaec75"},
    {file = "SQLAlchemy-1.3.24-cp35-cp35m-manylinux2010_x86_64.whl", hash = "sha256:e98d09f487267f1e8d1179bf3b9d7709b30a916491997137dd24d6ae44d18d79"},
    {file = "SQLAlchemy-1.3.24-cp35-cp35m-manylinux2014_aarch64.whl", hash = "sha256:fc1f2a5a5963e2e73bac4926bdaf7790c4d7d77e8fc0590817880e22dd9d0b8b"},
    {file = "SQLAlchemy-1.3.24-cp35-cp35m-win32.whl", hash = "sha256:f3c5c52f7cb8b84bfaaf22d82cb9e6e9a8297f7c2ed14d806a0f5e4d22e83fb7"},
    {file = "SQLAlchemy-1.3.24-cp35-cp35m-win_amd64.whl", hash = "sha256:0352db1befcbed2f9282e72843f1963860bf0e0472a4fa5cf8ee084318e0e6ab"},
    {file = "SQLAlchemy-1.3.24-cp36-cp36m-macosx_10_14_x86_64.whl", hash = "sha256:2ed6343b625b16bcb63c5b10523fd15ed8934e1ed0f772c534985e9f5e73d894"},
    {file = "SQLAlchemy-1.3.24-cp36-cp36m-manylinux1_x86_64.whl", hash = "sha256:34fcec18f6e4b24b4a5f6185205a04f1eab1e56f8f1d028a2a03694ebcc2ddd4"},
    {file = "SQLAlchemy-1.3.24-cp36-cp36m-manylinux2010_x86_64.whl", hash = "sha256:e47e257ba5934550d7235665eee6c911dc7178419b614ba9e1fbb1ce6325b14f"},
    {file = "SQLAlchemy-1.3.24-cp36-cp36m-manylinux2014_aarch64.whl", hash = "sha256:816de75418ea0953b5eb7b8a74933ee5a46719491cd2b16f718afc4b291a9658"},
    {file = "SQLAlchemy-1.3.24-cp36-cp36m-win32.whl", hash = "sha256:26155ea7a243cbf23287f390dba13d7927ffa1586d3208e0e8d615d0c506f996"},
    {file = "SQLAlchemy-1.3.24-cp36-cp36m-win_amd64.whl", hash = "sha256:f03bd97650d2e42710fbe4cf8a59fae657f191df851fc9fc683ecef10746a375"},
    {file = "SQLAlchemy-1.3.24-cp37-cp37m-macosx_10_14_x86_64.whl", hash = "sha256:a006d05d9aa052657ee3e4dc92544faae5fcbaafc6128217310945610d862d39"},
    {file = "SQLAlchemy-1.3.24-cp37-cp37m-manylinux1_x86_64.whl", hash = "sha256:1e2f89d2e5e3c7a88e25a3b0e43626dba8db2aa700253023b82e630d12b37109"},
    {file = "SQLAlchemy-1.3.24-cp37-cp37m-manylinux2010_x86_64.whl", hash = "sha256:0d5d862b1cfbec5028ce1ecac06a3b42bc7703eb80e4b53fceb2738724311443"},
    {file = "SQLAlchemy-1.3.24-cp37-cp37m-manylinux2014_aarch64.whl", hash = "sha256:0172423a27fbcae3751ef016663b72e1a516777de324a76e30efa170dbd3dd2d"},
    {file = "SQLAlchemy-1.3.24-cp37-cp37m-win32.whl", hash = "sha256:d37843fb8df90376e9e91336724d78a32b988d3d20ab6656da4eb8ee3a45b63c"},
    {file = "SQLAlchemy-1.3.24-cp37-cp37m-win_amd64.whl", hash = "sha256:c10ff6112d119f82b1618b6dc28126798481b9355d8748b64b9b55051eb4f01b"},
    {file = "SQLAlchemy-1.3.24-cp38-cp38-macosx_10_14_x86_64.whl", hash = "sha256:861e459b0e97673af6cc5e7f597035c2e3acdfb2608132665406cded25ba64c7"},
    {file = "SQLAlchemy-1.3.24-cp38-cp38-manylinux1_x86_64.whl", hash = "sha256:5de2464c254380d8a6c20a2746614d5a436260be1507491442cf1088e59430d2"},
    {file = "SQLAlchemy-1.3.24-cp38-cp38-manylinux2010_x86_64.whl", hash = "sha256:d375d8ccd3cebae8d90270f7aa8532fe05908f79e78ae489068f3b4eee5994e8"},
    {file = "SQLAlchemy-1.3.24-cp38-cp38-manylinux2014_aarch64.whl", hash = "sha256:014ea143572fee1c18322b7908140ad23b3994036ef4c0d630110faf942652f8"},
    {file = "SQLAlchemy-1.3.24-cp38-cp38-win32.whl", hash = "sha256:6607ae6cd3a07f8a4c3198ffbf256c261661965742e2b5265a77cd5c679c9bba"},
    {file = "SQLAlchemy-1.3.24-cp38-cp38-win_amd64.whl", hash = "sha256:fcb251305fa24a490b6a9ee2180e5f8252915fb778d3dafc70f9cc3f863827b9"},
    {file = "SQLAlchemy-1.3.24-cp39-cp39-macosx_10_14_x86_64.whl", hash = "sha256:01aa5f803db724447c1d423ed583e42bf5264c597fd55e4add4301f163b0be48"},
    {file = "SQLAlchemy-1.3.24-cp39-cp39-manylinux1_x86_64.whl", hash = "sha256:4d0e3515ef98aa4f0dc289ff2eebb0ece6260bbf37c2ea2022aad63797eacf60"},
    {file = "SQLAlchemy-1.3.24-cp39-cp39-manylinux2010_x86_64.whl", hash = "sha256:bce28277f308db43a6b4965734366f533b3ff009571ec7ffa583cb77539b84d6"},
    {file = "SQLAlchemy-1.3.24-cp39-cp39-manylinux2014_aarch64.whl", hash = "sha256:8110e6c414d3efc574543109ee618fe2c1f96fa31833a1ff36cc34e968c4f233"},
    {file = "SQLAlchemy-1.3.24-cp39-cp39-win32.whl", hash = "sha256:ee5f5188edb20a29c1cc4a039b074fdc5575337c9a68f3063449ab47757bb064"},
    {file = "SQLAlchemy-1.3.24-cp39-cp39-win_amd64.whl", hash = "sha256:09083c2487ca3c0865dc588e07aeaa25416da3d95f7482c07e92f47e080aa17b"},
    {file = "SQLAlchemy-1.3.24.tar.gz", hash = "sha256:ebbb777cbf9312359b897bf81ba00dae0f5cb69fba2a18265dcc18a6f5ef7519"},
]
starlette = [
    {file = "starlette-0.16.0-py3-none-any.whl", hash = "sha256:38eb24bf705a2c317e15868e384c1b8a12ca396e5a3c3a003db7e667c43f939f"},
    {file = "starlette-0.16.0.tar.gz", hash = "sha256:e1904b5d0007aee24bdd3c43994be9b3b729f4f58e740200de1d623f8c3a8870"},
]
termcolor = [
    {file = "termcolor-1.1.0.tar.gz", hash = "sha256:1d6d69ce66211143803fbc56652b41d73b4a400a2891d7bf7a1cdf4c02de613b"},
]
toml = [
    {file = "toml-0.10.2-py2.py3-none-any.whl", hash = "sha256:806143ae5bfb6a3c6e736a764057db0e6a0e05e338b5630894a5f779cabb4f9b"},
    {file = "toml-0.10.2.tar.gz", hash = "sha256:b3bda1d108d5dd99f4a20d24d9c348e91c4db7ab1b749200bded2f839ccbe68f"},
]
tomli = [
    {file = "tomli-1.2.1-py3-none-any.whl", hash = "sha256:8dd0e9524d6f386271a36b41dbf6c57d8e32fd96fd22b6584679dc569d20899f"},
    {file = "tomli-1.2.1.tar.gz", hash = "sha256:a5b75cb6f3968abb47af1b40c1819dc519ea82bcc065776a866e8d74c5ca9442"},
]
typing-extensions = [
    {file = "typing_extensions-3.10.0.2-py2-none-any.whl", hash = "sha256:d8226d10bc02a29bcc81df19a26e56a9647f8b0a6d4a83924139f4a8b01f17b7"},
    {file = "typing_extensions-3.10.0.2-py3-none-any.whl", hash = "sha256:f1d25edafde516b146ecd0613dabcc61409817af4766fbbcfb8d1ad4ec441a34"},
    {file = "typing_extensions-3.10.0.2.tar.gz", hash = "sha256:49f75d16ff11f1cd258e1b988ccff82a3ca5570217d7ad8c5f48205dd99a677e"},
]
urllib3 = [
    {file = "urllib3-1.26.7-py2.py3-none-any.whl", hash = "sha256:c4fdf4019605b6e5423637e01bc9fe4daef873709a7973e195ceba0a62bbc844"},
    {file = "urllib3-1.26.7.tar.gz", hash = "sha256:4987c65554f7a2dbf30c18fd48778ef124af6fab771a377103da0585e2336ece"},
]
virtualenv = [
    {file = "virtualenv-20.8.1-py2.py3-none-any.whl", hash = "sha256:10062e34c204b5e4ec5f62e6ef2473f8ba76513a9a617e873f1f8fb4a519d300"},
    {file = "virtualenv-20.8.1.tar.gz", hash = "sha256:bcc17f0b3a29670dd777d6f0755a4c04f28815395bca279cdcb213b97199a6b8"},
]
